
Microsoft Visual Studio Solution File, Format Version 12.00
# Visual Studio 15
VisualStudioVersion = 15.0.28307.168
MinimumVisualStudioVersion = 10.0.40219.1
Project("{FAE04EC0-301F-11D3-BF4B-00C04F79EFBC}") = "ServiceBusSample", "ServiceBusSample\ServiceBusSample.csproj", "{B13BBE2D-280B-44B5-9DD2-EFE313F9BE7D}"
EndProject
Global
	GlobalSection(SolutionConfigurationPlatforms) = preSolution
		Debug|Any CPU = Debug|Any CPU
		Release|Any CPU = Release|Any CPU
	EndGlobalSection
	GlobalSection(ProjectConfigurationPlatforms) = postSolution
		{B13BBE2D-280B-44B5-9DD2-EFE313F9BE7D}.Debug|Any CPU.ActiveCfg = Debug|Any CPU
		{B13BBE2D-280B-44B5-9DD2-EFE313F9BE7D}.Debug|Any CPU.Build.0 = Debug|Any CPU
		{B13BBE2D-280B-44B5-9DD2-EFE313F9BE7D}.Release|Any CPU.ActiveCfg = Release|Any CPU
		{B13BBE2D-280B-44B5-9DD2-EFE313F9BE7D}.Release|Any CPU.Build.0 = Release|Any CPU
	EndGlobalSection
	GlobalSection(SolutionProperties) = preSolution
		HideSolutionNode = FALSE
	EndGlobalSection
	GlobalSection(ExtensibilityGlobals) = postSolution
		SolutionGuid = {B73EC97A-021B-4356-9977-6B141EC348EC}
	EndGlobalSection
EndGlobal
